<?xml version="1.0" encoding="utf-8"?>
<Project ToolsVersion="4.0" xmlns="http://schemas.microsoft.com/developer/msbuild/2003">
  <ItemGroup>
    <Filter Include="Source Files">
      <UniqueIdentifier>{4FC737F1-C7A5-4376-A066-2A32D752A2FF}</UniqueIdentifier>
      <Extensions>qml;cpp;c;cc;cxx;def;odl;idl;hpj;bat;asm;asmx</Extensions>
    </Filter>
    <Filter Include="Header Files">
      <UniqueIdentifier>{93995380-89BD-4b04-88EB-625FBE52EBFB}</UniqueIdentifier>
      <Extensions>h;hh;hpp;hxx;hm;inl;inc;xsd</Extensions>
    </Filter>
    <Filter Include="Resource Files">
      <UniqueIdentifier>{67DA6AB6-F800-4c08-8B7A-83BB121AAD01}</UniqueIdentifier>
      <Extensions>qrc;rc;ico;cur;bmp;dlg;rc2;rct;bin;rgs;gif;jpg;jpeg;jpe;resx;tiff;tif;png;wav;mfcribbon-ms</Extensions>
    </Filter>
    <Filter Include="Form Files">
      <UniqueIdentifier>{99349809-55BA-4b9d-BF79-8FDBB0286EB3}</UniqueIdentifier>
      <Extensions>ui</Extensions>
    </Filter>
    <Filter Include="Translation Files">
      <UniqueIdentifier>{639EADAA-A684-42e4-A9AD-28FC9BCB8F7C}</UniqueIdentifier>
      <Extensions>ts</Extensions>
    </Filter>
  </ItemGroup>
  <ItemGroup>
    <QtRcc Include="PetriNetTool.qrc">
      <Filter>Resource Files</Filter>
    </QtRcc>
    <QtUic Include="PetriNetTool.ui">
      <Filter>Form Files</Filter>
    </QtUic>
    <QtMoc Include="PetriNetTool.h">
      <Filter>Header Files</Filter>
    </QtMoc>
    <ClCompile Include="PetriNetTool.cpp">
      <Filter>Source Files</Filter>
    </ClCompile>
  </ItemGroup>
  <ItemGroup>
    <ClCompile Include="main.cpp">
      <Filter>Source Files</Filter>
    </ClCompile>
    <ClCompile Include="PetriNet.cpp">
      <Filter>Source Files</Filter>
    </ClCompile>
    <ClCompile Include="TPN.cpp">
      <Filter>Source Files</Filter>
    </ClCompile>
    <ClCompile Include="MarkingNode.cpp">
      <Filter>Source Files</Filter>
    </ClCompile>
    <ClCompile Include="ReachableGraph.cpp">
      <Filter>Source Files</Filter>
    </ClCompile>
    <ClCompile Include="TBDP.cpp">
      <Filter>Source Files</Filter>
    </ClCompile>
    <ClCompile Include="MyPathString.cpp">
      <Filter>Source Files</Filter>
    </ClCompile>
    <ClCompile Include="SymbolicGraph.cpp">
      <Filter>Source Files</Filter>
    </ClCompile>
    <ClCompile Include="MyString.cpp">
      <Filter>Source Files</Filter>
    </ClCompile>
    <ClCompile Include="StructuralPro.cpp">
      <Filter>Source Files</Filter>
    </ClCompile>
    <ClCompile Include="Siphon.cpp">
      <Filter>Source Files</Filter>
    </ClCompile>
    <ClCompile Include="DeadlockPrevention.cpp">
      <Filter>Source Files</Filter>
    </ClCompile>
    <ClCompile Include="NewMTSIWidget.cpp">
      <Filter>Source Files</Filter>
    </ClCompile>
    <ClCompile Include="NewFileWidget.cpp">
      <Filter>Source Files</Filter>
    </ClCompile>
    <ClCompile Include="TheoryOfRegion.cpp">
      <Filter>Source Files</Filter>
    </ClCompile>
    <ClCompile Include="ReachableGraphMarkingCompress.cpp">
      <Filter>Source Files</Filter>
    </ClCompile>
  </ItemGroup>
  <ItemGroup>
    <ClInclude Include="PetriNet.h">
      <Filter>Header Files</Filter>
    </ClInclude>
    <ClInclude Include="TPN.h">
      <Filter>Header Files</Filter>
    </ClInclude>
    <ClInclude Include="MarkingNode.h">
      <Filter>Header Files</Filter>
    </ClInclude>
    <ClInclude Include="ReachableGraph.h">
      <Filter>Header Files</Filter>
    </ClInclude>
    <ClInclude Include="MyCompare.h">
      <Filter>Header Files</Filter>
    </ClInclude>
    <ClInclude Include="MyPathString.h">
      <Filter>Header Files</Filter>
    </ClInclude>
    <ClInclude Include="PartialGraphNode.h">
      <Filter>Header Files</Filter>
    </ClInclude>
    <ClInclude Include="SymbolicGraph.h">
      <Filter>Header Files</Filter>
    </ClInclude>
    <ClInclude Include="SymbolicNode.h">
      <Filter>Header Files</Filter>
    </ClInclude>
    <ClInclude Include="TBDP.h">
      <Filter>Header Files</Filter>
    </ClInclude>
    <ClInclude Include="MyString.h">
      <Filter>Header Files</Filter>
    </ClInclude>
    <ClInclude Include="StateNode.h">
      <Filter>Header Files</Filter>
    </ClInclude>
    <ClInclude Include="StructuralPro.h">
      <Filter>Header Files</Filter>
    </ClInclude>
    <ClInclude Include="Siphon.h">
      <Filter>Header Files</Filter>
    </ClInclude>
    <ClInclude Include="DeadlockPrevention.h">
      <Filter>Header Files</Filter>
    </ClInclude>
    <ClInclude Include="TheoryOfRegion.h">
      <Filter>Header Files</Filter>
    </ClInclude>
    <ClInclude Include="ReachableGraphMarkingCompress.h">
      <Filter>Header Files</Filter>
    </ClInclude>
  </ItemGroup>
  <ItemGroup>
    <QtMoc Include="NewMTSIWidget.h">
      <Filter>Header Files</Filter>
    </QtMoc>
    <QtMoc Include="NewFileWidget.h">
      <Filter>Header Files</Filter>
    </QtMoc>
  </ItemGroup>
  <ItemGroup>
    <QtUic Include="NewMTSIWidget.ui">
      <Filter>Form Files</Filter>
    </QtUic>
    <QtUic Include="NewFileWidget.ui">
      <Filter>Form Files</Filter>
    </QtUic>
  </ItemGroup>
</Project>